lockfileVersion: '9.0'

settings:
  autoInstallPeers: true
  excludeLinksFromLockfile: false

importers:

  .:
    dependencies:
      '@mantine/core':
        specifier: ^8.3.12
        version: 8.3.12(@mantine/hooks@8.3.12(react@19.2.3))(react-dom@19.2.3(react@19.2.3))(react@19.2.3)
      '@mantine/form':
        specifier: ^8.3.12
        version: 8.3.12(react@19.2.3)
      '@mantine/hooks':
        specifier: ^8.3.12
        version: 8.3.12(react@19.2.3)
      '@mantine/notifications':
        specifier: ^8.3.12
        version: 8.3.12(@mantine/core@8.3.12(@mantine/hooks@8.3.12(react@19.2.3))(react-dom@19.2.3(react@19.2.3))(react@19.2.3))(@mantine/hooks@8.3.12(react@19.2.3))(react-dom@19.2.3(react@19.2.3))(react@19.2.3)
      '@tabler/icons-react':
        specifier: ^3.36.1
        version: 3.36.1(react@19.2.3)
      material-symbols:
        specifier: ^0.40.2
        version: 0.40.2
      react:
        specifier: 19.2.3
        version: 19.2.3
      react-dom:
        specifier: 19.2.3
        version: 19.2.3(react@19.2.3)
      react-icons:
        specifier: ^5.5.0
        version: 5.5.0(react@19.2.3)

packages:

  '@babel/runtime@7.28.4':
    resolution: {integrity: sha512-Q/N6JNWvIvPnLDvjlE1OUBLPQHH6l3CltCEsHIujp45zQUSSh8K+gHnaEX45yAT1nyngnINhvWtzN+Nb9D8RAQ==}
    engines: {node: '>=6.9.0'}

  '@floating-ui/core@1.7.3':
    resolution: {integrity: sha512-sGnvb5dmrJaKEZ+LDIpguvdX3bDlEllmv4/ClQ9awcmCZrlx5jQyyMWFM5kBI+EyNOCDDiKk8il0zeuX3Zlg/w==}

  '@floating-ui/dom@1.7.4':
    resolution: {integrity: sha512-OOchDgh4F2CchOX94cRVqhvy7b3AFb+/rQXyswmzmGakRfkMgoWVjfnLWkRirfLEfuD4ysVW16eXzwt3jHIzKA==}

  '@floating-ui/react-dom@2.1.6':
    resolution: {integrity: sha512-4JX6rEatQEvlmgU80wZyq9RT96HZJa88q8hp0pBd+LrczeDI4o6uA2M+uvxngVHo4Ihr8uibXxH6+70zhAFrVw==}
    peerDependencies:
      react: '>=16.8.0'
      react-dom: '>=16.8.0'

  '@floating-ui/react@0.27.16':
    resolution: {integrity: sha512-9O8N4SeG2z++TSM8QA/KTeKFBVCNEz/AGS7gWPJf6KFRzmRWixFRnCnkPHRDwSVZW6QPDO6uT0P2SpWNKCc9/g==}
    peerDependencies:
      react: '>=17.0.0'
      react-dom: '>=17.0.0'

  '@floating-ui/utils@0.2.10':
    resolution: {integrity: sha512-aGTxbpbg8/b5JfU1HXSrbH3wXZuLPJcNEcZQFMxLs3oSzgtVu6nFPkbbGGUvBcUjKV2YyB9Wxxabo+HEH9tcRQ==}

  '@mantine/core@8.3.12':
    resolution: {integrity: sha512-bDEoUl4SneltfI1GeEaBk6BVDbLuB/w15YwseAmUvc8ldAbNcsVhxKxY/BdhwqUo6O3L2vhdlb3WwxR1y8741g==}
    peerDependencies:
      '@mantine/hooks': 8.3.12
      react: ^18.x || ^19.x
      react-dom: ^18.x || ^19.x

  '@mantine/form@8.3.12':
    resolution: {integrity: sha512-bjXL1Ah3lAZYHrjrF37FeHV8DFGeXV+apn0PRQw2MTLpdUSqKsiYIDDgugzRfNXWX1cn1ELtxtDXsMfdj/LI7Q==}
    peerDependencies:
      react: ^18.x || ^19.x

  '@mantine/hooks@8.3.12':
    resolution: {integrity: sha512-lMMDzDewd3lUNtJCAHDj3g8On9X5aBl4q6EBwgOixKQSby9RG9ASEpK8oYHundHTm9tzo3MDeXWV/z32oSQWuw==}
    peerDependencies:
      react: ^18.x || ^19.x

  '@mantine/notifications@8.3.12':
    resolution: {integrity: sha512-lqPPa11XdcndG8ywMao8yVkMA4jg/pBNbS85bR7OwHQa1yUftmfVlqJl9PZZCiWLX2AgKY3+xM5dHo4LidL+DA==}
    peerDependencies:
      '@mantine/core': 8.3.12
      '@mantine/hooks': 8.3.12
      react: ^18.x || ^19.x
      react-dom: ^18.x || ^19.x

  '@mantine/store@8.3.12':
    resolution: {integrity: sha512-EC4eIKpm5s7neMbBrWsP6jGKLqrzHf63Ao3penYr7fn25dFXdbXZYw+IG8GYzxOC4yG61b2zTS+bpy5+vwzXpw==}
    peerDependencies:
      react: ^18.x || ^19.x

  '@tabler/icons-react@3.36.1':
    resolution: {integrity: sha512-/8nOXeNeMoze9xY/QyEKG65wuvRhkT3q9aytaur6Gj8bYU2A98YVJyLc9MRmc5nVvpy+bRlrrwK/Ykr8WGyUWg==}
    peerDependencies:
      react: '>= 16'

  '@tabler/icons@3.36.1':
    resolution: {integrity: sha512-f4Jg3Fof/Vru5ioix/UO4GX+sdDsF9wQo47FbtvG+utIYYVQ/QVAC0QYgcBbAjQGfbdOh2CCf0BgiFOF9Ixtjw==}

  clsx@2.1.1:
    resolution: {integrity: sha512-eYm0QWBtUrBWZWG0d386OGAw16Z995PiOVo2B7bjWSbHedGl5e0ZWaq65kOGgUSNesEIDkB9ISbTg/JK9dhCZA==}
    engines: {node: '>=6'}

  csstype@3.2.3:
    resolution: {integrity: sha512-z1HGKcYy2xA8AGQfwrn0PAy+PB7X/GSj3UVJW9qKyn43xWa+gl5nXmU4qqLMRzWVLFC8KusUX8T/0kCiOYpAIQ==}

  detect-node-es@1.1.0:
    resolution: {integrity: sha512-ypdmJU/TbBby2Dxibuv7ZLW3Bs1QEmM7nHjEANfohJLvE0XVujisn1qPJcZxg+qDucsr+bP6fLD1rPS3AhJ7EQ==}

  dom-helpers@5.2.1:
    resolution: {integrity: sha512-nRCa7CK3VTrM2NmGkIy4cbK7IZlgBE/PYMn55rrXefr5xXDP0LdtfPnblFDoVdcAfslJ7or6iqAUnx0CCGIWQA==}

  fast-deep-equal@3.1.3:
    resolution: {integrity: sha512-f3qQ9oQy9j2AhBe/H9VC91wLmKBCCU/gDOnKNAYG5hswO7BLKj09Hc5HYNz9cGI++xlpDCIgDaitVs03ATR84Q==}

  get-nonce@1.0.1:
    resolution: {integrity: sha512-FJhYRoDaiatfEkUK8HKlicmu/3SGFD51q3itKDGoSTysQJBnfOcxU5GxnhE1E6soB76MbT0MBtnKJuXyAx+96Q==}
    engines: {node: '>=6'}

  js-tokens@4.0.0:
    resolution: {integrity: sha512-RdJUflcE3cUzKiMqQgsCu06FPu9UdIJO0beYbPhHN4k6apgJtifcoCtT9bcxOpYBtpD2kCM6Sbzg4CausW/PKQ==}

  klona@2.0.6:
    resolution: {integrity: sha512-dhG34DXATL5hSxJbIexCft8FChFXtmskoZYnoPWjXQuebWYCNkVeV3KkGegCK9CP1oswI/vQibS2GY7Em/sJJA==}
    engines: {node: '>= 8'}

  loose-envify@1.4.0:
    resolution: {integrity: sha512-lyuxPGr/Wfhrlem2CL/UcnUc1zcqKAImBDzukY7Y5F/yQiNdko6+fRLevlw1HgMySw7f611UIY408EtxRSoK3Q==}
    hasBin: true

  material-symbols@0.40.2:
    resolution: {integrity: sha512-QUJF1HztvcpP8pXHPPNESK05Thq/Zy8ub17T2xBDf4+gqx4KBs353lKHuVzE/eCYOtiB9JBlFOU7cjAI6vVMTQ==}

  object-assign@4.1.1:
    resolution: {integrity: sha512-rJgTQnkUnH1sFw8yT6VSU3zD3sWmu6sZhIseY8VX+GRu3P6F7Fu+JNDoXfklElbLJSnc3FUQHVe4cU5hj+BcUg==}
    engines: {node: '>=0.10.0'}

  prop-types@15.8.1:
    resolution: {integrity: sha512-oj87CgZICdulUohogVAR7AjlC0327U4el4L6eAvOqCeudMDVU0NThNaV+b9Df4dXgSP1gXMTnPdhfe/2qDH5cg==}

  react-dom@19.2.3:
    resolution: {integrity: sha512-yELu4WmLPw5Mr/lmeEpox5rw3RETacE++JgHqQzd2dg+YbJuat3jH4ingc+WPZhxaoFzdv9y33G+F7Nl5O0GBg==}
    peerDependencies:
      react: ^19.2.3

  react-icons@5.5.0:
    resolution: {integrity: sha512-MEFcXdkP3dLo8uumGI5xN3lDFNsRtrjbOEKDLD7yv76v4wpnEq2Lt2qeHaQOr34I/wPN3s3+N08WkQ+CW37Xiw==}
    peerDependencies:
      react: '*'

  react-is@16.13.1:
    resolution: {integrity: sha512-24e6ynE2H+OKt4kqsOvNd8kBpV65zoxbA4BVsEOB3ARVWQki/DHzaUoC5KuON/BiccDaCCTZBuOcfZs70kR8bQ==}

  react-number-format@5.4.4:
    resolution: {integrity: sha512-wOmoNZoOpvMminhifQYiYSTCLUDOiUbBunrMrMjA+dV52sY+vck1S4UhR6PkgnoCquvvMSeJjErXZ4qSaWCliA==}
    peerDependencies:
      react: ^0.14 || ^15.0.0 || ^16.0.0 || ^17.0.0 || ^18.0.0 || ^19.0.0
      react-dom: ^0.14 || ^15.0.0 || ^16.0.0 || ^17.0.0 || ^18.0.0 || ^19.0.0

  react-remove-scroll-bar@2.3.8:
    resolution: {integrity: sha512-9r+yi9+mgU33AKcj6IbT9oRCO78WriSj6t/cF8DWBZJ9aOGPOTEDvdUDz1FwKim7QXWwmHqtdHnRJfhAxEG46Q==}
    engines: {node: '>=10'}
    peerDependencies:
      '@types/react': '*'
      react: ^16.8.0 || ^17.0.0 || ^18.0.0 || ^19.0.0
    peerDependenciesMeta:
      '@types/react':
        optional: true

  react-remove-scroll@2.7.2:
    resolution: {integrity: sha512-Iqb9NjCCTt6Hf+vOdNIZGdTiH1QSqr27H/Ek9sv/a97gfueI/5h1s3yRi1nngzMUaOOToin5dI1dXKdXiF+u0Q==}
    engines: {node: '>=10'}
    peerDependencies:
      '@types/react': '*'
      react: ^16.8.0 || ^17.0.0 || ^18.0.0 || ^19.0.0 || ^19.0.0-rc
    peerDependenciesMeta:
      '@types/react':
        optional: true

  react-style-singleton@2.2.3:
    resolution: {integrity: sha512-b6jSvxvVnyptAiLjbkWLE/lOnR4lfTtDAl+eUC7RZy+QQWc6wRzIV2CE6xBuMmDxc2qIihtDCZD5NPOFl7fRBQ==}
    engines: {node: '>=10'}
    peerDependencies:
      '@types/react': '*'
      react: ^16.8.0 || ^17.0.0 || ^18.0.0 || ^19.0.0 || ^19.0.0-rc
    peerDependenciesMeta:
      '@types/react':
        optional: true

  react-textarea-autosize@8.5.9:
    resolution: {integrity: sha512-U1DGlIQN5AwgjTyOEnI1oCcMuEr1pv1qOtklB2l4nyMGbHzWrI0eFsYK0zos2YWqAolJyG0IWJaqWmWj5ETh0A==}
    engines: {node: '>=10'}
    peerDependencies:
      react: ^16.8.0 || ^17.0.0 || ^18.0.0 || ^19.0.0

  react-transition-group@4.4.5:
    resolution: {integrity: sha512-pZcd1MCJoiKiBR2NRxeCRg13uCXbydPnmB4EOeRrY7480qNWO8IIgQG6zlDkm6uRMsURXPuKq0GWtiM59a5Q6g==}
    peerDependencies:
      react: '>=16.6.0'
      react-dom: '>=16.6.0'

  react@19.2.3:
    resolution: {integrity: sha512-Ku/hhYbVjOQnXDZFv2+RibmLFGwFdeeKHFcOTlrt7xplBnya5OGn/hIRDsqDiSUcfORsDC7MPxwork8jBwsIWA==}
    engines: {node: '>=0.10.0'}

  scheduler@0.27.0:
    resolution: {integrity: sha512-eNv+WrVbKu1f3vbYJT/xtiF5syA5HPIMtf9IgY/nKg0sWqzAUEvqY/xm7OcZc/qafLx/iO9FgOmeSAp4v5ti/Q==}

  tabbable@6.4.0:
    resolution: {integrity: sha512-05PUHKSNE8ou2dwIxTngl4EzcnsCDZGJ/iCLtDflR/SHB/ny14rXc+qU5P4mG9JkusiV7EivzY9Mhm55AzAvCg==}

  tslib@2.8.1:
    resolution: {integrity: sha512-oJFu94HQb+KVduSUQL7wnpmqnfmLsOA/nAh6b6EH0wCEoK0/mPeXU6c3wKDV83MkOuHPRHtSXKKU99IBazS/2w==}

  type-fest@4.41.0:
    resolution: {integrity: sha512-TeTSQ6H5YHvpqVwBRcnLDCBnDOHWYu7IvGbHT6N8AOymcr9PJGjc1GTtiWZTYg0NCgYwvnYWEkVChQAr9bjfwA==}
    engines: {node: '>=16'}

  use-callback-ref@1.3.3:
    resolution: {integrity: sha512-jQL3lRnocaFtu3V00JToYz/4QkNWswxijDaCVNZRiRTO3HQDLsdu1ZtmIUvV4yPp+rvWm5j0y0TG/S61cuijTg==}
    engines: {node: '>=10'}
    peerDependencies:
      '@types/react': '*'
      react: ^16.8.0 || ^17.0.0 || ^18.0.0 || ^19.0.0 || ^19.0.0-rc
    peerDependenciesMeta:
      '@types/react':
        optional: true

  use-composed-ref@1.4.0:
    resolution: {integrity: sha512-djviaxuOOh7wkj0paeO1Q/4wMZ8Zrnag5H6yBvzN7AKKe8beOaED9SF5/ByLqsku8NP4zQqsvM2u3ew/tJK8/w==}
    peerDependencies:
      '@types/react': '*'
      react: ^16.8.0 || ^17.0.0 || ^18.0.0 || ^19.0.0
    peerDependenciesMeta:
      '@types/react':
        optional: true

  use-isomorphic-layout-effect@1.2.1:
    resolution: {integrity: sha512-tpZZ+EX0gaghDAiFR37hj5MgY6ZN55kLiPkJsKxBMZ6GZdOSPJXiOzPM984oPYZ5AnehYx5WQp1+ME8I/P/pRA==}
    peerDependencies:
      '@types/react': '*'
      react: ^16.8.0 || ^17.0.0 || ^18.0.0 || ^19.0.0
    peerDependenciesMeta:
      '@types/react':
        optional: true

  use-latest@1.3.0:
    resolution: {integrity: sha512-mhg3xdm9NaM8q+gLT8KryJPnRFOz1/5XPBhmDEVZK1webPzDjrPk7f/mbpeLqTgB9msytYWANxgALOCJKnLvcQ==}
    peerDependencies:
      '@types/react': '*'
      react: ^16.8.0 || ^17.0.0 || ^18.0.0 || ^19.0.0
    peerDependenciesMeta:
      '@types/react':
        optional: true

  use-sidecar@1.1.3:
    resolution: {integrity: sha512-Fedw0aZvkhynoPYlA5WXrMCAMm+nSWdZt6lzJQ7Ok8S6Q+VsHmHpRWndVRJ8Be0ZbkfPc5LRYH+5XrzXcEeLRQ==}
    engines: {node: '>=10'}
    peerDependencies:
      '@types/react': '*'
      react: ^16.8.0 || ^17.0.0 || ^18.0.0 || ^19.0.0 || ^19.0.0-rc
    peerDependenciesMeta:
      '@types/react':
        optional: true

snapshots:

  '@babel/runtime@7.28.4': {}

  '@floating-ui/core@1.7.3':
    dependencies:
      '@floating-ui/utils': 0.2.10

  '@floating-ui/dom@1.7.4':
    dependencies:
      '@floating-ui/core': 1.7.3
      '@floating-ui/utils': 0.2.10

  '@floating-ui/react-dom@2.1.6(react-dom@19.2.3(react@19.2.3))(react@19.2.3)':
    dependencies:
      '@floating-ui/dom': 1.7.4
      react: 19.2.3
      react-dom: 19.2.3(react@19.2.3)

  '@floating-ui/react@0.27.16(react-dom@19.2.3(react@19.2.3))(react@19.2.3)':
    dependencies:
      '@floating-ui/react-dom': 2.1.6(react-dom@19.2.3(react@19.2.3))(react@19.2.3)
      '@floating-ui/utils': 0.2.10
      react: 19.2.3
      react-dom: 19.2.3(react@19.2.3)
      tabbable: 6.4.0

  '@floating-ui/utils@0.2.10': {}

  '@mantine/core@8.3.12(@mantine/hooks@8.3.12(react@19.2.3))(react-dom@19.2.3(react@19.2.3))(react@19.2.3)':
    dependencies:
      '@floating-ui/react': 0.27.16(react-dom@19.2.3(react@19.2.3))(react@19.2.3)
      '@mantine/hooks': 8.3.12(react@19.2.3)
      clsx: 2.1.1
      react: 19.2.3
      react-dom: 19.2.3(react@19.2.3)
      react-number-format: 5.4.4(react-dom@19.2.3(react@19.2.3))(react@19.2.3)
      react-remove-scroll: 2.7.2(react@19.2.3)
      react-textarea-autosize: 8.5.9(react@19.2.3)
      type-fest: 4.41.0

  '@mantine/form@8.3.12(react@19.2.3)':
    dependencies:
      fast-deep-equal: 3.1.3
      klona: 2.0.6
      react: 19.2.3

  '@mantine/hooks@8.3.12(react@19.2.3)':
    dependencies:
      react: 19.2.3

  '@mantine/notifications@8.3.12(@mantine/core@8.3.12(@mantine/hooks@8.3.12(react@19.2.3))(react-dom@19.2.3(react@19.2.3))(react@19.2.3))(@mantine/hooks@8.3.12(react@19.2.3))(react-dom@19.2.3(react@19.2.3))(react@19.2.3)':
    dependencies:
      '@mantine/core': 8.3.12(@mantine/hooks@8.3.12(react@19.2.3))(react-dom@19.2.3(react@19.2.3))(react@19.2.3)
      '@mantine/hooks': 8.3.12(react@19.2.3)
      '@mantine/store': 8.3.12(react@19.2.3)
      react: 19.2.3
      react-dom: 19.2.3(react@19.2.3)
      react-transition-group: 4.4.5(react-dom@19.2.3(react@19.2.3))(react@19.2.3)

  '@mantine/store@8.3.12(react@19.2.3)':
    dependencies:
      react: 19.2.3

  '@tabler/icons-react@3.36.1(react@19.2.3)':
    dependencies:
      '@tabler/icons': 3.36.1
      react: 19.2.3

  '@tabler/icons@3.36.1': {}

  clsx@2.1.1: {}

  csstype@3.2.3: {}

  detect-node-es@1.1.0: {}

  dom-helpers@5.2.1:
    dependencies:
      '@babel/runtime': 7.28.4
      csstype: 3.2.3

  fast-deep-equal@3.1.3: {}

  get-nonce@1.0.1: {}

  js-tokens@4.0.0: {}

  klona@2.0.6: {}

  loose-envify@1.4.0:
    dependencies:
      js-tokens: 4.0.0

  material-symbols@0.40.2: {}

  object-assign@4.1.1: {}

  prop-types@15.8.1:
    dependencies:
      loose-envify: 1.4.0
      object-assign: 4.1.1
      react-is: 16.13.1

  react-dom@19.2.3(react@19.2.3):
    dependencies:
      react: 19.2.3
      scheduler: 0.27.0

  react-icons@5.5.0(react@19.2.3):
    dependencies:
      react: 19.2.3

  react-is@16.13.1: {}

  react-number-format@5.4.4(react-dom@19.2.3(react@19.2.3))(react@19.2.3):
    dependencies:
      react: 19.2.3
      react-dom: 19.2.3(react@19.2.3)

  react-remove-scroll-bar@2.3.8(react@19.2.3):
    dependencies:
      react: 19.2.3
      react-style-singleton: 2.2.3(react@19.2.3)
      tslib: 2.8.1

  react-remove-scroll@2.7.2(react@19.2.3):
    dependencies:
      react: 19.2.3
      react-remove-scroll-bar: 2.3.8(react@19.2.3)
      react-style-singleton: 2.2.3(react@19.2.3)
      tslib: 2.8.1
      use-callback-ref: 1.3.3(react@19.2.3)
      use-sidecar: 1.1.3(react@19.2.3)

  react-style-singleton@2.2.3(react@19.2.3):
    dependencies:
      get-nonce: 1.0.1
      react: 19.2.3
      tslib: 2.8.1

  react-textarea-autosize@8.5.9(react@19.2.3):
    dependencies:
      '@babel/runtime': 7.28.4
      react: 19.2.3
      use-composed-ref: 1.4.0(react@19.2.3)
      use-latest: 1.3.0(react@19.2.3)

  react-transition-group@4.4.5(react-dom@19.2.3(react@19.2.3))(react@19.2.3):
    dependencies:
      '@babel/runtime': 7.28.4
      dom-helpers: 5.2.1
      loose-envify: 1.4.0
      prop-types: 15.8.1
      react: 19.2.3
      react-dom: 19.2.3(react@19.2.3)

  react@19.2.3: {}

  scheduler@0.27.0: {}

  tabbable@6.4.0: {}

  tslib@2.8.1: {}

  type-fest@4.41.0: {}

  use-callback-ref@1.3.3(react@19.2.3):
    dependencies:
      react: 19.2.3
      tslib: 2.8.1

  use-composed-ref@1.4.0(react@19.2.3):
    dependencies:
      react: 19.2.3

  use-isomorphic-layout-effect@1.2.1(react@19.2.3):
    dependencies:
      react: 19.2.3

  use-latest@1.3.0(react@19.2.3):
    dependencies:
      react: 19.2.3
      use-isomorphic-layout-effect: 1.2.1(react@19.2.3)

  use-sidecar@1.1.3(react@19.2.3):
    dependencies:
      detect-node-es: 1.1.0
      react: 19.2.3
      tslib: 2.8.1
